
Microsoft Visual Studio Solution File, Format Version 12.00
# Visual Studio Version 17
VisualStudioVersion = 17.14.36623.8 d17.14
MinimumVisualStudioVersion = 10.0.40219.1
Project("{FAE04EC0-301F-11D3-BF4B-00C04F79EFBC}") = "DepotCapacityRedux", "DepotCapacityRedux.csproj", "{B15E936C-0887-B42C-3037-E751A0C47578}"
EndProject
Global
	GlobalSection(SolutionConfigurationPlatforms) = preSolution
		Debug|Any CPU = Debug|Any CPU
		Release|Any CPU = Release|Any CPU
	EndGlobalSection
	GlobalSection(ProjectConfigurationPlatforms) = postSolution
		{B15E936C-0887-B42C-3037-E751A0C47578}.Debug|Any CPU.ActiveCfg = Debug|Any CPU
		{B15E936C-0887-B42C-3037-E751A0C47578}.Debug|Any CPU.Build.0 = Debug|Any CPU
		{B15E936C-0887-B42C-3037-E751A0C47578}.Release|Any CPU.ActiveCfg = Release|Any CPU
		{B15E936C-0887-B42C-3037-E751A0C47578}.Release|Any CPU.Build.0 = Release|Any CPU
	EndGlobalSection
	GlobalSection(SolutionProperties) = preSolution
		HideSolutionNode = FALSE
	EndGlobalSection
	GlobalSection(ExtensibilityGlobals) = postSolution
		SolutionGuid = {4363B257-06D2-43A3-8FEA-E926DFA1D466}
	EndGlobalSection
EndGlobal
